
Microsoft Visual Studio Solution File, Format Version 12.00
# Visual Studio Version 17
VisualStudioVersion = 17.9.34728.123
MinimumVisualStudioVersion = 10.0.40219.1
Project("{FAE04EC0-301F-11D3-BF4B-00C04F79EFBC}") = "Practice(3)ConsoleApp1", "Practice(3)ConsoleApp1\Practice(3)ConsoleApp1.csproj", "{BC1C7A4E-445E-4949-944A-85BD921015BA}"
EndProject
Project("{FAE04EC0-301F-11D3-BF4B-00C04F79EFBC}") = "Practice(3.1)ConsoleApp1", "Practice(3.1)ConsoleApp1\Practice(3.1)ConsoleApp1.csproj", "{E2AEAB88-3008-4DF5-AF3B-482C3D9E01CA}"
EndProject
Project("{FAE04EC0-301F-11D3-BF4B-00C04F79EFBC}") = "Practice(3.2)ConsoleApp1", "Practice(3.2)ConsoleApp1\Practice(3.2)ConsoleApp1.csproj", "{91AF55A6-CA5F-4778-BAF7-39168113E7D5}"
EndProject
Project("{FAE04EC0-301F-11D3-BF4B-00C04F79EFBC}") = "Practice(3.3)ConsoleApp1", "Practice(3.3)ConsoleApp1\Practice(3.3)ConsoleApp1.csproj", "{2BDFF537-1F18-49B8-951A-05495F55FECF}"
EndProject
Project("{FAE04EC0-301F-11D3-BF4B-00C04F79EFBC}") = "Practice(3.4)ConsoleApp1", "Practice(3.4)ConsoleApp1\Practice(3.4)ConsoleApp1.csproj", "{10E28230-EC5E-4B24-9D22-1B2271FD6CA3}"
EndProject
Global
	GlobalSection(SolutionConfigurationPlatforms) = preSolution
		Debug|Any CPU = Debug|Any CPU
		Release|Any CPU = Release|Any CPU
	EndGlobalSection
	GlobalSection(ProjectConfigurationPlatforms) = postSolution
		{BC1C7A4E-445E-4949-944A-85BD921015BA}.Debug|Any CPU.ActiveCfg = Debug|Any CPU
		{BC1C7A4E-445E-4949-944A-85BD921015BA}.Debug|Any CPU.Build.0 = Debug|Any CPU
		{BC1C7A4E-445E-4949-944A-85BD921015BA}.Release|Any CPU.ActiveCfg = Release|Any CPU
		{BC1C7A4E-445E-4949-944A-85BD921015BA}.Release|Any CPU.Build.0 = Release|Any CPU
		{E2AEAB88-3008-4DF5-AF3B-482C3D9E01CA}.Debug|Any CPU.ActiveCfg = Debug|Any CPU
		{E2AEAB88-3008-4DF5-AF3B-482C3D9E01CA}.Debug|Any CPU.Build.0 = Debug|Any CPU
		{E2AEAB88-3008-4DF5-AF3B-482C3D9E01CA}.Release|Any CPU.ActiveCfg = Release|Any CPU
		{E2AEAB88-3008-4DF5-AF3B-482C3D9E01CA}.Release|Any CPU.Build.0 = Release|Any CPU
		{91AF55A6-CA5F-4778-BAF7-39168113E7D5}.Debug|Any CPU.ActiveCfg = Debug|Any CPU
		{91AF55A6-CA5F-4778-BAF7-39168113E7D5}.Debug|Any CPU.Build.0 = Debug|Any CPU
		{91AF55A6-CA5F-4778-BAF7-39168113E7D5}.Release|Any CPU.ActiveCfg = Release|Any CPU
		{91AF55A6-CA5F-4778-BAF7-39168113E7D5}.Release|Any CPU.Build.0 = Release|Any CPU
		{2BDFF537-1F18-49B8-951A-05495F55FECF}.Debug|Any CPU.ActiveCfg = Debug|Any CPU
		{2BDFF537-1F18-49B8-951A-05495F55FECF}.Debug|Any CPU.Build.0 = Debug|Any CPU
		{2BDFF537-1F18-49B8-951A-05495F55FECF}.Release|Any CPU.ActiveCfg = Release|Any CPU
		{2BDFF537-1F18-49B8-951A-05495F55FECF}.Release|Any CPU.Build.0 = Release|Any CPU
		{10E28230-EC5E-4B24-9D22-1B2271FD6CA3}.Debug|Any CPU.ActiveCfg = Debug|Any CPU
		{10E28230-EC5E-4B24-9D22-1B2271FD6CA3}.Debug|Any CPU.Build.0 = Debug|Any CPU
		{10E28230-EC5E-4B24-9D22-1B2271FD6CA3}.Release|Any CPU.ActiveCfg = Release|Any CPU
		{10E28230-EC5E-4B24-9D22-1B2271FD6CA3}.Release|Any CPU.Build.0 = Release|Any CPU
	EndGlobalSection
	GlobalSection(SolutionProperties) = preSolution
		HideSolutionNode = FALSE
	EndGlobalSection
	GlobalSection(ExtensibilityGlobals) = postSolution
		SolutionGuid = {3D3608BD-BF3A-47A9-86B9-09CB94B96581}
	EndGlobalSection
EndGlobal
